
Microsoft Visual Studio Solution File, Format Version 11.00
# Visual Studio 2010
Project("{FAE04EC0-301F-11D3-BF4B-00C04F79EFBC}") = "RoguelikeDemo", "Assembly-CSharp.csproj", "{0A5394A1-1B45-1350-C4E3-9220B411604B}"
EndProject
Project("{FAE04EC0-301F-11D3-BF4B-00C04F79EFBC}") = "RoguelikeDemo", "Assembly-CSharp-Editor.csproj", "{52A3E17A-EE78-9792-DCE3-DF39452C4619}"
EndProject
Global
	GlobalSection(SolutionConfigurationPlatforms) = preSolution
		Debug|Any CPU = Debug|Any CPU
		Release|Any CPU = Release|Any CPU
	EndGlobalSection
	GlobalSection(ProjectConfigurationPlatforms) = postSolution
		{0A5394A1-1B45-1350-C4E3-9220B411604B}.Debug|Any CPU.ActiveCfg = Debug|Any CPU
		{0A5394A1-1B45-1350-C4E3-9220B411604B}.Debug|Any CPU.Build.0 = Debug|Any CPU
		{0A5394A1-1B45-1350-C4E3-9220B411604B}.Release|Any CPU.ActiveCfg = Release|Any CPU
		{0A5394A1-1B45-1350-C4E3-9220B411604B}.Release|Any CPU.Build.0 = Release|Any CPU
		{52A3E17A-EE78-9792-DCE3-DF39452C4619}.Debug|Any CPU.ActiveCfg = Debug|Any CPU
		{52A3E17A-EE78-9792-DCE3-DF39452C4619}.Debug|Any CPU.Build.0 = Debug|Any CPU
		{52A3E17A-EE78-9792-DCE3-DF39452C4619}.Release|Any CPU.ActiveCfg = Release|Any CPU
		{52A3E17A-EE78-9792-DCE3-DF39452C4619}.Release|Any CPU.Build.0 = Release|Any CPU
	EndGlobalSection
	GlobalSection(SolutionProperties) = preSolution
		HideSolutionNode = FALSE
	EndGlobalSection
	GlobalSection(MonoDevelopProperties) = preSolution
		StartupItem = Assembly-CSharp.csproj
	EndGlobalSection
EndGlobal
