
Microsoft Visual Studio Solution File, Format Version 12.00
# Visual Studio 15
Project("{FAE04EC0-301F-11D3-BF4B-00C04F79EFBC}") = "RoguelikeDemo", "RoguelikeDemo.csproj", "{3E6E427B-479C-E5EB-C419-D696F4380258}"
EndProject
Project("{FAE04EC0-301F-11D3-BF4B-00C04F79EFBC}") = "RoguelikeDemo.Editor", "RoguelikeDemo.Editor.csproj", "{C0AE5197-C9E9-DD69-9323-A9CB16DFDA37}"
EndProject
Global
	GlobalSection(SolutionConfigurationPlatforms) = preSolution
		Debug|Any CPU = Debug|Any CPU
		Release|Any CPU = Release|Any CPU
	EndGlobalSection
	GlobalSection(ProjectConfigurationPlatforms) = postSolution
		{3E6E427B-479C-E5EB-C419-D696F4380258}.Debug|Any CPU.ActiveCfg = Debug|Any CPU
		{3E6E427B-479C-E5EB-C419-D696F4380258}.Debug|Any CPU.Build.0 = Debug|Any CPU
		{3E6E427B-479C-E5EB-C419-D696F4380258}.Release|Any CPU.ActiveCfg = Release|Any CPU
		{3E6E427B-479C-E5EB-C419-D696F4380258}.Release|Any CPU.Build.0 = Release|Any CPU
		{C0AE5197-C9E9-DD69-9323-A9CB16DFDA37}.Debug|Any CPU.ActiveCfg = Debug|Any CPU
		{C0AE5197-C9E9-DD69-9323-A9CB16DFDA37}.Debug|Any CPU.Build.0 = Debug|Any CPU
		{C0AE5197-C9E9-DD69-9323-A9CB16DFDA37}.Release|Any CPU.ActiveCfg = Release|Any CPU
		{C0AE5197-C9E9-DD69-9323-A9CB16DFDA37}.Release|Any CPU.Build.0 = Release|Any CPU
	EndGlobalSection
	GlobalSection(SolutionProperties) = preSolution
		HideSolutionNode = FALSE
	EndGlobalSection
EndGlobal
